
Microsoft Visual Studio Solution File, Format Version 12.00
# Visual Studio Version 17
VisualStudioVersion = 17.14.36408.4 d17.14
MinimumVisualStudioVersion = 10.0.40219.1
Project("{FAE04EC0-301F-11D3-BF4B-00C04F79EFBC}") = "InventoryAPI", "InventoryAPI\InventoryAPI.csproj", "{28411AE0-EBC2-4D9C-B6A4-FDE2131A9832}"
EndProject
Global
	GlobalSection(SolutionConfigurationPlatforms) = preSolution
		Debug|Any CPU = Debug|Any CPU
		Release|Any CPU = Release|Any CPU
	EndGlobalSection
	GlobalSection(ProjectConfigurationPlatforms) = postSolution
		{28411AE0-EBC2-4D9C-B6A4-FDE2131A9832}.Debug|Any CPU.ActiveCfg = Debug|Any CPU
		{28411AE0-EBC2-4D9C-B6A4-FDE2131A9832}.Debug|Any CPU.Build.0 = Debug|Any CPU
		{28411AE0-EBC2-4D9C-B6A4-FDE2131A9832}.Release|Any CPU.ActiveCfg = Release|Any CPU
		{28411AE0-EBC2-4D9C-B6A4-FDE2131A9832}.Release|Any CPU.Build.0 = Release|Any CPU
	EndGlobalSection
	GlobalSection(SolutionProperties) = preSolution
		HideSolutionNode = FALSE
	EndGlobalSection
	GlobalSection(ExtensibilityGlobals) = postSolution
		SolutionGuid = {98E907D4-4DF1-4386-912B-A3FDCA3240A0}
	EndGlobalSection
EndGlobal
